
Microsoft Visual Studio Solution File, Format Version 12.00
# Visual Studio Version 17
VisualStudioVersion = 17.7.34031.279
MinimumVisualStudioVersion = 10.0.40219.1
Project("{FAE04EC0-301F-11D3-BF4B-00C04F79EFBC}") = "HRM_PT", "HRM_PT\HRM_PT.csproj", "{E3D970AB-8089-4408-947A-79CF62CD8317}"
EndProject
Global
	GlobalSection(SolutionConfigurationPlatforms) = preSolution
		Debug|Any CPU = Debug|Any CPU
		Release|Any CPU = Release|Any CPU
	EndGlobalSection
	GlobalSection(ProjectConfigurationPlatforms) = postSolution
		{E3D970AB-8089-4408-947A-79CF62CD8317}.Debug|Any CPU.ActiveCfg = Debug|Any CPU
		{E3D970AB-8089-4408-947A-79CF62CD8317}.Debug|Any CPU.Build.0 = Debug|Any CPU
		{E3D970AB-8089-4408-947A-79CF62CD8317}.Debug|Any CPU.Deploy.0 = Debug|Any CPU
		{E3D970AB-8089-4408-947A-79CF62CD8317}.Release|Any CPU.ActiveCfg = Release|Any CPU
		{E3D970AB-8089-4408-947A-79CF62CD8317}.Release|Any CPU.Build.0 = Release|Any CPU
		{E3D970AB-8089-4408-947A-79CF62CD8317}.Release|Any CPU.Deploy.0 = Release|Any CPU
	EndGlobalSection
	GlobalSection(SolutionProperties) = preSolution
		HideSolutionNode = FALSE
	EndGlobalSection
	GlobalSection(ExtensibilityGlobals) = postSolution
		SolutionGuid = {A2032724-1D41-4800-BF6C-F87ED4F0FA2A}
	EndGlobalSection
EndGlobal
